
Microsoft Visual Studio Solution File, Format Version 12.00
# Visual Studio Version 17
VisualStudioVersion = 17.14.37301.10
MinimumVisualStudioVersion = 10.0.40219.1
Project("{FAE04EC0-301F-11D3-BF4B-00C04F79EFBC}") = "SGJ_Plugin", "SGJ_Plugin\SGJ_Plugin.csproj", "{7631F527-57B6-4ED8-B3F8-8B192D1D3A75}"
EndProject
Global
	GlobalSection(SolutionConfigurationPlatforms) = preSolution
		Debug|Any CPU = Debug|Any CPU
		Debug|ARM64 = Debug|ARM64
		Debug|x64 = Debug|x64
		Debug|x86 = Debug|x86
		Release|Any CPU = Release|Any CPU
		Release|ARM64 = Release|ARM64
		Release|x64 = Release|x64
		Release|x86 = Release|x86
	EndGlobalSection
	GlobalSection(ProjectConfigurationPlatforms) = postSolution
		{7631F527-57B6-4ED8-B3F8-8B192D1D3A75}.Debug|Any CPU.ActiveCfg = Debug|Any CPU
		{7631F527-57B6-4ED8-B3F8-8B192D1D3A75}.Debug|Any CPU.Build.0 = Debug|Any CPU
		{7631F527-57B6-4ED8-B3F8-8B192D1D3A75}.Debug|ARM64.ActiveCfg = Debug|ARM64
		{7631F527-57B6-4ED8-B3F8-8B192D1D3A75}.Debug|ARM64.Build.0 = Debug|ARM64
		{7631F527-57B6-4ED8-B3F8-8B192D1D3A75}.Debug|x64.ActiveCfg = Debug|x64
		{7631F527-57B6-4ED8-B3F8-8B192D1D3A75}.Debug|x64.Build.0 = Debug|x64
		{7631F527-57B6-4ED8-B3F8-8B192D1D3A75}.Debug|x86.ActiveCfg = Debug|x86
		{7631F527-57B6-4ED8-B3F8-8B192D1D3A75}.Debug|x86.Build.0 = Debug|x86
		{7631F527-57B6-4ED8-B3F8-8B192D1D3A75}.Release|Any CPU.ActiveCfg = Release|Any CPU
		{7631F527-57B6-4ED8-B3F8-8B192D1D3A75}.Release|Any CPU.Build.0 = Release|Any CPU
		{7631F527-57B6-4ED8-B3F8-8B192D1D3A75}.Release|ARM64.ActiveCfg = Release|ARM64
		{7631F527-57B6-4ED8-B3F8-8B192D1D3A75}.Release|ARM64.Build.0 = Release|ARM64
		{7631F527-57B6-4ED8-B3F8-8B192D1D3A75}.Release|x64.ActiveCfg = Release|x64
		{7631F527-57B6-4ED8-B3F8-8B192D1D3A75}.Release|x64.Build.0 = Release|x64
		{7631F527-57B6-4ED8-B3F8-8B192D1D3A75}.Release|x86.ActiveCfg = Release|x86
		{7631F527-57B6-4ED8-B3F8-8B192D1D3A75}.Release|x86.Build.0 = Release|x86
	EndGlobalSection
	GlobalSection(SolutionProperties) = preSolution
		HideSolutionNode = FALSE
	EndGlobalSection
	GlobalSection(ExtensibilityGlobals) = postSolution
		SolutionGuid = {C7E4A518-F189-48A3-9238-1D9EC68135F5}
	EndGlobalSection
EndGlobal
